
Microsoft Visual Studio Solution File, Format Version 12.00
# Visual Studio Version 16
VisualStudioVersion = 16.0.31321.278
MinimumVisualStudioVersion = 10.0.40219.1
Project("{FAE04EC0-301F-11D3-BF4B-00C04F79EFBC}") = "Datos", "Datos\Datos.csproj", "{53B31E73-728D-48C0-ADFE-EF848E0A6AB2}"
EndProject
Project("{FAE04EC0-301F-11D3-BF4B-00C04F79EFBC}") = "Negocios", "Negocios\Negocios.csproj", "{0ADBF7DB-17A9-4CBE-9FB2-17ED0C5D8881}"
EndProject
Project("{FAE04EC0-301F-11D3-BF4B-00C04F79EFBC}") = "API", "API\API.csproj", "{7C26D1EF-9D7E-47DD-8E77-1E2272E7077C}"
EndProject
Global
	GlobalSection(SolutionConfigurationPlatforms) = preSolution
		Debug|Any CPU = Debug|Any CPU
		Release|Any CPU = Release|Any CPU
	EndGlobalSection
	GlobalSection(ProjectConfigurationPlatforms) = postSolution
		{53B31E73-728D-48C0-ADFE-EF848E0A6AB2}.Debug|Any CPU.ActiveCfg = Debug|Any CPU
		{53B31E73-728D-48C0-ADFE-EF848E0A6AB2}.Debug|Any CPU.Build.0 = Debug|Any CPU
		{53B31E73-728D-48C0-ADFE-EF848E0A6AB2}.Release|Any CPU.ActiveCfg = Release|Any CPU
		{53B31E73-728D-48C0-ADFE-EF848E0A6AB2}.Release|Any CPU.Build.0 = Release|Any CPU
		{0ADBF7DB-17A9-4CBE-9FB2-17ED0C5D8881}.Debug|Any CPU.ActiveCfg = Debug|Any CPU
		{0ADBF7DB-17A9-4CBE-9FB2-17ED0C5D8881}.Debug|Any CPU.Build.0 = Debug|Any CPU
		{0ADBF7DB-17A9-4CBE-9FB2-17ED0C5D8881}.Release|Any CPU.ActiveCfg = Release|Any CPU
		{0ADBF7DB-17A9-4CBE-9FB2-17ED0C5D8881}.Release|Any CPU.Build.0 = Release|Any CPU
		{7C26D1EF-9D7E-47DD-8E77-1E2272E7077C}.Debug|Any CPU.ActiveCfg = Debug|Any CPU
		{7C26D1EF-9D7E-47DD-8E77-1E2272E7077C}.Debug|Any CPU.Build.0 = Debug|Any CPU
		{7C26D1EF-9D7E-47DD-8E77-1E2272E7077C}.Release|Any CPU.ActiveCfg = Release|Any CPU
		{7C26D1EF-9D7E-47DD-8E77-1E2272E7077C}.Release|Any CPU.Build.0 = Release|Any CPU
	EndGlobalSection
	GlobalSection(SolutionProperties) = preSolution
		HideSolutionNode = FALSE
	EndGlobalSection
	GlobalSection(ExtensibilityGlobals) = postSolution
		SolutionGuid = {687DA774-E655-4DA2-8E75-7571F5AABDA9}
	EndGlobalSection
EndGlobal
